
Microsoft Visual Studio Solution File, Format Version 12.00
# Visual Studio Version 17
VisualStudioVersion = 17.11.35222.181
MinimumVisualStudioVersion = 10.0.40219.1
Project("{FAE04EC0-301F-11D3-BF4B-00C04F79EFBC}") = "mulasztasokGUI", "2024_12_10_S\mulasztasokGUI.csproj", "{98D7BAEA-E676-4A1E-9AD7-B7AC4CD4C938}"
EndProject
Global
	GlobalSection(SolutionConfigurationPlatforms) = preSolution
		Debug|Any CPU = Debug|Any CPU
		Release|Any CPU = Release|Any CPU
	EndGlobalSection
	GlobalSection(ProjectConfigurationPlatforms) = postSolution
		{98D7BAEA-E676-4A1E-9AD7-B7AC4CD4C938}.Debug|Any CPU.ActiveCfg = Debug|Any CPU
		{98D7BAEA-E676-4A1E-9AD7-B7AC4CD4C938}.Debug|Any CPU.Build.0 = Debug|Any CPU
		{98D7BAEA-E676-4A1E-9AD7-B7AC4CD4C938}.Release|Any CPU.ActiveCfg = Release|Any CPU
		{98D7BAEA-E676-4A1E-9AD7-B7AC4CD4C938}.Release|Any CPU.Build.0 = Release|Any CPU
	EndGlobalSection
	GlobalSection(SolutionProperties) = preSolution
		HideSolutionNode = FALSE
	EndGlobalSection
	GlobalSection(ExtensibilityGlobals) = postSolution
		SolutionGuid = {F516E584-2C73-43E5-85FC-34364A897D2A}
	EndGlobalSection
EndGlobal
